// !$*UTF8*$!
{
	archiveVersion = 1;
	classes = {
	};
	objectVersion = 55;
	objects = {

/* Begin PBXBuildFile section */
		6D90E55313321F8857FD8EC8 /* Pods_StatTrack.framework in Frameworks */ = {isa = PBXBuildFile; fileRef = 5C95F02F1A7D041B4D2C70CD /* Pods_StatTrack.framework */; };
		F7402824291F01DC006931D0 /* model_v1.tflite in Resources */ = {isa = PBXBuildFile; fileRef = F7402823291F01DC006931D0 /* model_v1.tflite */; };
		F7B915C12916FD6B0025BE42 /* OverlayView.swift in Sources */ = {isa = PBXBuildFile; fileRef = F7B915C02916FD6B0025BE42 /* OverlayView.swift */; };
		F7C2CA3929353B460080084B /* ColorKit in Frameworks */ = {isa = PBXBuildFile; productRef = F7C2CA3829353B460080084B /* ColorKit */; };
		F7D73F782911F4190069FCB4 /* AppDelegate.swift in Sources */ = {isa = PBXBuildFile; fileRef = F7D73F772911F4190069FCB4 /* AppDelegate.swift */; };
		F7D73F7A2911F4190069FCB4 /* SceneDelegate.swift in Sources */ = {isa = PBXBuildFile; fileRef = F7D73F792911F4190069FCB4 /* SceneDelegate.swift */; };
		F7D73F7C2911F4190069FCB4 /* HomeScreenVC.swift in Sources */ = {isa = PBXBuildFile; fileRef = F7D73F7B2911F4190069FCB4 /* HomeScreenVC.swift */; };
		F7D73F7F2911F4190069FCB4 /* Main.storyboard in Resources */ = {isa = PBXBuildFile; fileRef = F7D73F7D2911F4190069FCB4 /* Main.storyboard */; };
		F7D73F812911F41E0069FCB4 /* Assets.xcassets in Resources */ = {isa = PBXBuildFile; fileRef = F7D73F802911F41E0069FCB4 /* Assets.xcassets */; };
		F7D73F842911F41E0069FCB4 /* LaunchScreen.storyboard in Resources */ = {isa = PBXBuildFile; fileRef = F7D73F822911F41E0069FCB4 /* LaunchScreen.storyboard */; };
		F7DA88662913FF7B00EDA38C /* GameState.swift in Sources */ = {isa = PBXBuildFile; fileRef = F7DA88652913FF7B00EDA38C /* GameState.swift */; };
		F7DA886A2913FFE600EDA38C /* GameSetupVC.swift in Sources */ = {isa = PBXBuildFile; fileRef = F7DA88692913FFE600EDA38C /* GameSetupVC.swift */; };
		F7DA886C2914160200EDA38C /* CameraSetupVC.swift in Sources */ = {isa = PBXBuildFile; fileRef = F7DA886B2914160200EDA38C /* CameraSetupVC.swift */; };
		F7DA886E291416EE00EDA38C /* LiveGameVC.swift in Sources */ = {isa = PBXBuildFile; fileRef = F7DA886D291416EE00EDA38C /* LiveGameVC.swift */; };
		F7DA88702914172500EDA38C /* FinalStatsVC.swift in Sources */ = {isa = PBXBuildFile; fileRef = F7DA886F2914172500EDA38C /* FinalStatsVC.swift */; };
		F7EB7A80291420BC00F84686 /* model_v0.tflite in Resources */ = {isa = PBXBuildFile; fileRef = F7EB7A7F291420BC00F84686 /* model_v0.tflite */; };
		F7EB7A882916F3AC00F84686 /* PreviewView.swift in Sources */ = {isa = PBXBuildFile; fileRef = F7EB7A862916F3AC00F84686 /* PreviewView.swift */; };
		F7EB7A892916F3AC00F84686 /* CameraFeedManager.swift in Sources */ = {isa = PBXBuildFile; fileRef = F7EB7A872916F3AC00F84686 /* CameraFeedManager.swift */; };
		F7EB7A8B2916F40400F84686 /* ObjectDetectionHelper.swift in Sources */ = {isa = PBXBuildFile; fileRef = F7EB7A8A2916F40400F84686 /* ObjectDetectionHelper.swift */; };
/* End PBXBuildFile section */

/* Begin PBXFileReference section */
		5C95F02F1A7D041B4D2C70CD /* Pods_StatTrack.framework */ = {isa = PBXFileReference; explicitFileType = wrapper.framework; includeInIndex = 0; path = Pods_StatTrack.framework; sourceTree = BUILT_PRODUCTS_DIR; };
		75C317F3A0D0F7298B594EB3 /* Pods-StatTrack.debug.xcconfig */ = {isa = PBXFileReference; includeInIndex = 1; lastKnownFileType = text.xcconfig; name = "Pods-StatTrack.debug.xcconfig"; path = "Target Support Files/Pods-StatTrack/Pods-StatTrack.debug.xcconfig"; sourceTree = "<group>"; };
		C92700D246543D145580D11F /* Pods-StatTrack.release.xcconfig */ = {isa = PBXFileReference; includeInIndex = 1; lastKnownFileType = text.xcconfig; name = "Pods-StatTrack.release.xcconfig"; path = "Target Support Files/Pods-StatTrack/Pods-StatTrack.release.xcconfig"; sourceTree = "<group>"; };
		F7402823291F01DC006931D0 /* model_v1.tflite */ = {isa = PBXFileReference; lastKnownFileType = file; path = model_v1.tflite; sourceTree = "<group>"; };
		F7B915C02916FD6B0025BE42 /* OverlayView.swift */ = {isa = PBXFileReference; fileEncoding = 4; lastKnownFileType = sourcecode.swift; path = OverlayView.swift; sourceTree = "<group>"; };
		F7D73F742911F4190069FCB4 /* StatTrack.app */ = {isa = PBXFileReference; explicitFileType = wrapper.application; includeInIndex = 0; path = StatTrack.app; sourceTree = BUILT_PRODUCTS_DIR; };
		F7D73F772911F4190069FCB4 /* AppDelegate.swift */ = {isa = PBXFileReference; lastKnownFileType = sourcecode.swift; path = AppDelegate.swift; sourceTree = "<group>"; };
		F7D73F792911F4190069FCB4 /* SceneDelegate.swift */ = {isa = PBXFileReference; lastKnownFileType = sourcecode.swift; path = SceneDelegate.swift; sourceTree = "<group>"; };
		F7D73F7B2911F4190069FCB4 /* HomeScreenVC.swift */ = {isa = PBXFileReference; lastKnownFileType = sourcecode.swift; path = HomeScreenVC.swift; sourceTree = "<group>"; };
		F7D73F7E2911F4190069FCB4 /* Base */ = {isa = PBXFileReference; lastKnownFileType = file.storyboard; name = Base; path = Base.lproj/Main.storyboard; sourceTree = "<group>"; };
		F7D73F802911F41E0069FCB4 /* Assets.xcassets */ = {isa = PBXFileReference; lastKnownFileType = folder.assetcatalog; path = Assets.xcassets; sourceTree = "<group>"; };
		F7D73F832911F41E0069FCB4 /* Base */ = {isa = PBXFileReference; lastKnownFileType = file.storyboard; name = Base; path = Base.lproj/LaunchScreen.storyboard; sourceTree = "<group>"; };
		F7D73F852911F41E0069FCB4 /* Info.plist */ = {isa = PBXFileReference; lastKnownFileType = text.plist.xml; path = Info.plist; sourceTree = "<group>"; };
		F7DA88652913FF7B00EDA38C /* GameState.swift */ = {isa = PBXFileReference; lastKnownFileType = sourcecode.swift; path = GameState.swift; sourceTree = "<group>"; };
		F7DA88692913FFE600EDA38C /* GameSetupVC.swift */ = {isa = PBXFileReference; lastKnownFileType = sourcecode.swift; path = GameSetupVC.swift; sourceTree = "<group>"; };
		F7DA886B2914160200EDA38C /* CameraSetupVC.swift */ = {isa = PBXFileReference; lastKnownFileType = sourcecode.swift; path = CameraSetupVC.swift; sourceTree = "<group>"; };
		F7DA886D291416EE00EDA38C /* LiveGameVC.swift */ = {isa = PBXFileReference; lastKnownFileType = sourcecode.swift; path = LiveGameVC.swift; sourceTree = "<group>"; };
		F7DA886F2914172500EDA38C /* FinalStatsVC.swift */ = {isa = PBXFileReference; lastKnownFileType = sourcecode.swift; path = FinalStatsVC.swift; sourceTree = "<group>"; };
		F7EB7A7F291420BC00F84686 /* model_v0.tflite */ = {isa = PBXFileReference; lastKnownFileType = file; path = model_v0.tflite; sourceTree = "<group>"; };
		F7EB7A862916F3AC00F84686 /* PreviewView.swift */ = {isa = PBXFileReference; fileEncoding = 4; lastKnownFileType = sourcecode.swift; path = PreviewView.swift; sourceTree = "<group>"; };
		F7EB7A872916F3AC00F84686 /* CameraFeedManager.swift */ = {isa = PBXFileReference; fileEncoding = 4; lastKnownFileType = sourcecode.swift; path = CameraFeedManager.swift; sourceTree = "<group>"; };
		F7EB7A8A2916F40400F84686 /* ObjectDetectionHelper.swift */ = {isa = PBXFileReference; fileEncoding = 4; lastKnownFileType = sourcecode.swift; path = ObjectDetectionHelper.swift; sourceTree = "<group>"; };
/* End PBXFileReference section */

/* Begin PBXFrameworksBuildPhase section */
		F7D73F712911F4190069FCB4 /* Frameworks */ = {
			isa = PBXFrameworksBuildPhase;
			buildActionMask = 2147483647;
			files = (
				6D90E55313321F8857FD8EC8 /* Pods_StatTrack.framework in Frameworks */,
				F7C2CA3929353B460080084B /* ColorKit in Frameworks */,
			);
			runOnlyForDeploymentPostprocessing = 0;
		};
/* End PBXFrameworksBuildPhase section */

/* Begin PBXGroup section */
		8C67E1414E4E63E1EC7700B2 /* Frameworks */ = {
			isa = PBXGroup;
			children = (
				5C95F02F1A7D041B4D2C70CD /* Pods_StatTrack.framework */,
			);
			name = Frameworks;
			sourceTree = "<group>";
		};
		F2DB511ADCBBADFE0944EE11 /* Pods */ = {
			isa = PBXGroup;
			children = (
				75C317F3A0D0F7298B594EB3 /* Pods-StatTrack.debug.xcconfig */,
				C92700D246543D145580D11F /* Pods-StatTrack.release.xcconfig */,
			);
			path = Pods;
			sourceTree = "<group>";
		};
		F7B915BF2916FD6B0025BE42 /* Views */ = {
			isa = PBXGroup;
			children = (
				F7B915C02916FD6B0025BE42 /* OverlayView.swift */,
			);
			path = Views;
			sourceTree = "<group>";
		};
		F7D73F6B2911F4180069FCB4 = {
			isa = PBXGroup;
			children = (
				F7D73F762911F4190069FCB4 /* StatTrack */,
				F7D73F752911F4190069FCB4 /* Products */,
				F2DB511ADCBBADFE0944EE11 /* Pods */,
				8C67E1414E4E63E1EC7700B2 /* Frameworks */,
			);
			sourceTree = "<group>";
		};
		F7D73F752911F4190069FCB4 /* Products */ = {
			isa = PBXGroup;
			children = (
				F7D73F742911F4190069FCB4 /* StatTrack.app */,
			);
			name = Products;
			sourceTree = "<group>";
		};
		F7D73F762911F4190069FCB4 /* StatTrack */ = {
			isa = PBXGroup;
			children = (
				F7EB7A852916F3AC00F84686 /* cameraFeed */,
				F7EB7A7E291420BC00F84686 /* model */,
				F7B915BF2916FD6B0025BE42 /* Views */,
				F7D73F772911F4190069FCB4 /* AppDelegate.swift */,
				F7D73F792911F4190069FCB4 /* SceneDelegate.swift */,
				F7D73F7B2911F4190069FCB4 /* HomeScreenVC.swift */,
				F7DA88692913FFE600EDA38C /* GameSetupVC.swift */,
				F7DA886B2914160200EDA38C /* CameraSetupVC.swift */,
				F7DA886D291416EE00EDA38C /* LiveGameVC.swift */,
				F7DA886F2914172500EDA38C /* FinalStatsVC.swift */,
				F7DA88652913FF7B00EDA38C /* GameState.swift */,
				F7D73F7D2911F4190069FCB4 /* Main.storyboard */,
				F7D73F802911F41E0069FCB4 /* Assets.xcassets */,
				F7D73F822911F41E0069FCB4 /* LaunchScreen.storyboard */,
				F7D73F852911F41E0069FCB4 /* Info.plist */,
			);
			path = StatTrack;
			sourceTree = "<group>";
		};
		F7EB7A7E291420BC00F84686 /* model */ = {
			isa = PBXGroup;
			children = (
				F7EB7A8A2916F40400F84686 /* ObjectDetectionHelper.swift */,
				F7EB7A7F291420BC00F84686 /* model_v0.tflite */,
				F7402823291F01DC006931D0 /* model_v1.tflite */,
			);
			path = model;
			sourceTree = "<group>";
		};
		F7EB7A852916F3AC00F84686 /* cameraFeed */ = {
			isa = PBXGroup;
			children = (
				F7EB7A862916F3AC00F84686 /* PreviewView.swift */,
				F7EB7A872916F3AC00F84686 /* CameraFeedManager.swift */,
			);
			path = cameraFeed;
			sourceTree = "<group>";
		};
/* End PBXGroup section */

/* Begin PBXNativeTarget section */
		F7D73F732911F4190069FCB4 /* StatTrack */ = {
			isa = PBXNativeTarget;
			buildConfigurationList = F7D73F882911F41E0069FCB4 /* Build configuration list for PBXNativeTarget "StatTrack" */;
			buildPhases = (
				EF63BBE74B8EC5E40BBC601E /* [CP] Check Pods Manifest.lock */,
				F7D73F702911F4190069FCB4 /* Sources */,
				F7D73F712911F4190069FCB4 /* Frameworks */,
				F7D73F722911F4190069FCB4 /* Resources */,
				D3AAD4F428DF9A3AAF3D8BA7 /* [CP] Embed Pods Frameworks */,
			);
			buildRules = (
			);
			dependencies = (
			);
			name = StatTrack;
			packageProductDependencies = (
				F7C2CA3829353B460080084B /* ColorKit */,
			);
			productName = StatTrack;
			productReference = F7D73F742911F4190069FCB4 /* StatTrack.app */;
			productType = "com.apple.product-type.application";
		};
/* End PBXNativeTarget section */

/* Begin PBXProject section */
		F7D73F6C2911F4180069FCB4 /* Project object */ = {
			isa = PBXProject;
			attributes = {
				BuildIndependentTargetsInParallel = 1;
				LastSwiftUpdateCheck = 1340;
				LastUpgradeCheck = 1340;
				TargetAttributes = {
					F7D73F732911F4190069FCB4 = {
						CreatedOnToolsVersion = 13.4.1;
					};
				};
			};
			buildConfigurationList = F7D73F6F2911F4180069FCB4 /* Build configuration list for PBXProject "StatTrack" */;
			compatibilityVersion = "Xcode 13.0";
			developmentRegion = en;
			hasScannedForEncodings = 0;
			knownRegions = (
				en,
				Base,
			);
			mainGroup = F7D73F6B2911F4180069FCB4;
			packageReferences = (
				F7C2CA3729353B460080084B /* XCRemoteSwiftPackageReference "ColorKit" */,
			);
			productRefGroup = F7D73F752911F4190069FCB4 /* Products */;
			projectDirPath = "";
			projectRoot = "";
			targets = (
				F7D73F732911F4190069FCB4 /* StatTrack */,
			);
		};
/* End PBXProject section */

/* Begin PBXResourcesBuildPhase section */
		F7D73F722911F4190069FCB4 /* Resources */ = {
			isa = PBXResourcesBuildPhase;
			buildActionMask = 2147483647;
			files = (
				F7D73F842911F41E0069FCB4 /* LaunchScreen.storyboard in Resources */,
				F7D73F812911F41E0069FCB4 /* Assets.xcassets in Resources */,
				F7D73F7F2911F4190069FCB4 /* Main.storyboard in Resources */,
				F7402824291F01DC006931D0 /* model_v1.tflite in Resources */,
				F7EB7A80291420BC00F84686 /* model_v0.tflite in Resources */,
			);
			runOnlyForDeploymentPostprocessing = 0;
		};
/* End PBXResourcesBuildPhase section */

/* Begin PBXShellScriptBuildPhase section */
		D3AAD4F428DF9A3AAF3D8BA7 /* [CP] Embed Pods Frameworks */ = {
			isa = PBXShellScriptBuildPhase;
			buildActionMask = 2147483647;
			files = (
			);
			inputFileListPaths = (
				"${PODS_ROOT}/Target Support Files/Pods-StatTrack/Pods-StatTrack-frameworks-${CONFIGURATION}-input-files.xcfilelist",
			);
			name = "[CP] Embed Pods Frameworks";
			outputFileListPaths = (
				"${PODS_ROOT}/Target Support Files/Pods-StatTrack/Pods-StatTrack-frameworks-${CONFIGURATION}-output-files.xcfilelist",
			);
			runOnlyForDeploymentPostprocessing = 0;
			shellPath = /bin/sh;
			shellScript = "\"${PODS_ROOT}/Target Support Files/Pods-StatTrack/Pods-StatTrack-frameworks.sh\"\n";
			showEnvVarsInLog = 0;
		};
		EF63BBE74B8EC5E40BBC601E /* [CP] Check Pods Manifest.lock */ = {
			isa = PBXShellScriptBuildPhase;
			buildActionMask = 2147483647;
			files = (
			);
			inputFileListPaths = (
			);
			inputPaths = (
				"${PODS_PODFILE_DIR_PATH}/Podfile.lock",
				"${PODS_ROOT}/Manifest.lock",
			);
			name = "[CP] Check Pods Manifest.lock";
			outputFileListPaths = (
			);
			outputPaths = (
				"$(DERIVED_FILE_DIR)/Pods-StatTrack-checkManifestLockResult.txt",
			);
			runOnlyForDeploymentPostprocessing = 0;
			shellPath = /bin/sh;
			shellScript = "diff \"${PODS_PODFILE_DIR_PATH}/Podfile.lock\" \"${PODS_ROOT}/Manifest.lock\" > /dev/null\nif [ $? != 0 ] ; then\n    # print error to STDERR\n    echo \"error: The sandbox is not in sync with the Podfile.lock. Run 'pod install' or update your CocoaPods installation.\" >&2\n    exit 1\nfi\n# This output is used by Xcode 'outputs' to avoid re-running this script phase.\necho \"SUCCESS\" > \"${SCRIPT_OUTPUT_FILE_0}\"\n";
			showEnvVarsInLog = 0;
		};
/* End PBXShellScriptBuildPhase section */

/* Begin PBXSourcesBuildPhase section */
		F7D73F702911F4190069FCB4 /* Sources */ = {
			isa = PBXSourcesBuildPhase;
			buildActionMask = 2147483647;
			files = (
				F7D73F7C2911F4190069FCB4 /* HomeScreenVC.swift in Sources */,
				F7EB7A8B2916F40400F84686 /* ObjectDetectionHelper.swift in Sources */,
				F7DA88662913FF7B00EDA38C /* GameState.swift in Sources */,
				F7EB7A892916F3AC00F84686 /* CameraFeedManager.swift in Sources */,
				F7EB7A882916F3AC00F84686 /* PreviewView.swift in Sources */,
				F7D73F782911F4190069FCB4 /* AppDelegate.swift in Sources */,
				F7DA886A2913FFE600EDA38C /* GameSetupVC.swift in Sources */,
				F7D73F7A2911F4190069FCB4 /* SceneDelegate.swift in Sources */,
				F7DA886C2914160200EDA38C /* CameraSetupVC.swift in Sources */,
				F7B915C12916FD6B0025BE42 /* OverlayView.swift in Sources */,
				F7DA886E291416EE00EDA38C /* LiveGameVC.swift in Sources */,
				F7DA88702914172500EDA38C /* FinalStatsVC.swift in Sources */,
			);
			runOnlyForDeploymentPostprocessing = 0;
		};
/* End PBXSourcesBuildPhase section */

/* Begin PBXVariantGroup section */
		F7D73F7D2911F4190069FCB4 /* Main.storyboard */ = {
			isa = PBXVariantGroup;
			children = (
				F7D73F7E2911F4190069FCB4 /* Base */,
			);
			name = Main.storyboard;
			sourceTree = "<group>";
		};
		F7D73F822911F41E0069FCB4 /* LaunchScreen.storyboard */ = {
			isa = PBXVariantGroup;
			children = (
				F7D73F832911F41E0069FCB4 /* Base */,
			);
			name = LaunchScreen.storyboard;
			sourceTree = "<group>";
		};
/* End PBXVariantGroup section */

/* Begin XCBuildConfiguration section */
		F7D73F862911F41E0069FCB4 /* Debug */ = {
			isa = XCBuildConfiguration;
			buildSettings = {
				ALWAYS_SEARCH_USER_PATHS = NO;
				CLANG_ANALYZER_NONNULL = YES;
				CLANG_ANALYZER_NUMBER_OBJECT_CONVERSION = YES_AGGRESSIVE;
				CLANG_CXX_LANGUAGE_STANDARD = "gnu++17";
				CLANG_ENABLE_MODULES = YES;
				CLANG_ENABLE_OBJC_ARC = YES;
				CLANG_ENABLE_OBJC_WEAK = YES;
				CLANG_WARN_BLOCK_CAPTURE_AUTORELEASING = YES;
				CLANG_WARN_BOOL_CONVERSION = YES;
				CLANG_WARN_COMMA = YES;
				CLANG_WARN_CONSTANT_CONVERSION = YES;
				CLANG_WARN_DEPRECATED_OBJC_IMPLEMENTATIONS = YES;
				CLANG_WARN_DIRECT_OBJC_ISA_USAGE = YES_ERROR;
				CLANG_WARN_DOCUMENTATION_COMMENTS = YES;
				CLANG_WARN_EMPTY_BODY = YES;
				CLANG_WARN_ENUM_CONVERSION = YES;
				CLANG_WARN_INFINITE_RECURSION = YES;
				CLANG_WARN_INT_CONVERSION = YES;
				CLANG_WARN_NON_LITERAL_NULL_CONVERSION = YES;
				CLANG_WARN_OBJC_IMPLICIT_RETAIN_SELF = YES;
				CLANG_WARN_OBJC_LITERAL_CONVERSION = YES;
				CLANG_WARN_OBJC_ROOT_CLASS = YES_ERROR;
				CLANG_WARN_QUOTED_INCLUDE_IN_FRAMEWORK_HEADER = YES;
				CLANG_WARN_RANGE_LOOP_ANALYSIS = YES;
				CLANG_WARN_STRICT_PROTOTYPES = YES;
				CLANG_WARN_SUSPICIOUS_MOVE = YES;
				CLANG_WARN_UNGUARDED_AVAILABILITY = YES_AGGRESSIVE;
				CLANG_WARN_UNREACHABLE_CODE = YES;
				CLANG_WARN__DUPLICATE_METHOD_MATCH = YES;
				COPY_PHASE_STRIP = NO;
				DEBUG_INFORMATION_FORMAT = dwarf;
				ENABLE_STRICT_OBJC_MSGSEND = YES;
				ENABLE_TESTABILITY = YES;
				GCC_C_LANGUAGE_STANDARD = gnu11;
				GCC_DYNAMIC_NO_PIC = NO;
				GCC_NO_COMMON_BLOCKS = YES;
				GCC_OPTIMIZATION_LEVEL = 0;
				GCC_PREPROCESSOR_DEFINITIONS = (
					"DEBUG=1",
					"$(inherited)",
				);
				GCC_WARN_64_TO_32_BIT_CONVERSION = YES;
				GCC_WARN_ABOUT_RETURN_TYPE = YES_ERROR;
				GCC_WARN_UNDECLARED_SELECTOR = YES;
				GCC_WARN_UNINITIALIZED_AUTOS = YES_AGGRESSIVE;
				GCC_WARN_UNUSED_FUNCTION = YES;
				GCC_WARN_UNUSED_VARIABLE = YES;
				IPHONEOS_DEPLOYMENT_TARGET = 16.0;
				MTL_ENABLE_DEBUG_INFO = INCLUDE_SOURCE;
				MTL_FAST_MATH = YES;
				ONLY_ACTIVE_ARCH = YES;
				SDKROOT = iphoneos;
				SWIFT_ACTIVE_COMPILATION_CONDITIONS = DEBUG;
				SWIFT_OPTIMIZATION_LEVEL = "-Onone";
			};
			name = Debug;
		};
		F7D73F872911F41E0069FCB4 /* Release */ = {
			isa = XCBuildConfiguration;
			buildSettings = {
				ALWAYS_SEARCH_USER_PATHS = NO;
				CLANG_ANALYZER_NONNULL = YES;
				CLANG_ANALYZER_NUMBER_OBJECT_CONVERSION = YES_AGGRESSIVE;
				CLANG_CXX_LANGUAGE_STANDARD = "gnu++17";
				CLANG_ENABLE_MODULES = YES;
				CLANG_ENABLE_OBJC_ARC = YES;
				CLANG_ENABLE_OBJC_WEAK = YES;
				CLANG_WARN_BLOCK_CAPTURE_AUTORELEASING = YES;
				CLANG_WARN_BOOL_CONVERSION = YES;
				CLANG_WARN_COMMA = YES;
				CLANG_WARN_CONSTANT_CONVERSION = YES;
				CLANG_WARN_DEPRECATED_OBJC_IMPLEMENTATIONS = YES;
				CLANG_WARN_DIRECT_OBJC_ISA_USAGE = YES_ERROR;
				CLANG_WARN_DOCUMENTATION_COMMENTS = YES;
				CLANG_WARN_EMPTY_BODY = YES;
				CLANG_WARN_ENUM_CONVERSION = YES;
				CLANG_WARN_INFINITE_RECURSION = YES;
				CLANG_WARN_INT_CONVERSION = YES;
				CLANG_WARN_NON_LITERAL_NULL_CONVERSION = YES;
				CLANG_WARN_OBJC_IMPLICIT_RETAIN_SELF = YES;
				CLANG_WARN_OBJC_LITERAL_CONVERSION = YES;
				CLANG_WARN_OBJC_ROOT_CLASS = YES_ERROR;
				CLANG_WARN_QUOTED_INCLUDE_IN_FRAMEWORK_HEADER = YES;
				CLANG_WARN_RANGE_LOOP_ANALYSIS = YES;
				CLANG_WARN_STRICT_PROTOTYPES = YES;
				CLANG_WARN_SUSPICIOUS_MOVE = YES;
				CLANG_WARN_UNGUARDED_AVAILABILITY = YES_AGGRESSIVE;
				CLANG_WARN_UNREACHABLE_CODE = YES;
				CLANG_WARN__DUPLICATE_METHOD_MATCH = YES;
				COPY_PHASE_STRIP = NO;
				DEBUG_INFORMATION_FORMAT = "dwarf-with-dsym";
				ENABLE_NS_ASSERTIONS = NO;
				ENABLE_STRICT_OBJC_MSGSEND = YES;
				GCC_C_LANGUAGE_STANDARD = gnu11;
				GCC_NO_COMMON_BLOCKS = YES;
				GCC_WARN_64_TO_32_BIT_CONVERSION = YES;
				GCC_WARN_ABOUT_RETURN_TYPE = YES_ERROR;
				GCC_WARN_UNDECLARED_SELECTOR = YES;
				GCC_WARN_UNINITIALIZED_AUTOS = YES_AGGRESSIVE;
				GCC_WARN_UNUSED_FUNCTION = YES;
				GCC_WARN_UNUSED_VARIABLE = YES;
				IPHONEOS_DEPLOYMENT_TARGET = 16.0;
				MTL_ENABLE_DEBUG_INFO = NO;
				MTL_FAST_MATH = YES;
				SDKROOT = iphoneos;
				SWIFT_COMPILATION_MODE = wholemodule;
				SWIFT_OPTIMIZATION_LEVEL = "-O";
				VALIDATE_PRODUCT = YES;
			};
			name = Release;
		};
		F7D73F892911F41E0069FCB4 /* Debug */ = {
			isa = XCBuildConfiguration;
			baseConfigurationReference = 75C317F3A0D0F7298B594EB3 /* Pods-StatTrack.debug.xcconfig */;
			buildSettings = {
				ASSETCATALOG_COMPILER_APPICON_NAME = AppIcon;
				ASSETCATALOG_COMPILER_GLOBAL_ACCENT_COLOR_NAME = AccentColor;
				ASSETCATALOG_COMPILER_INCLUDE_ALL_APPICON_ASSETS = YES;
				CODE_SIGN_STYLE = Automatic;
				CURRENT_PROJECT_VERSION = 1;
				DEVELOPMENT_TEAM = Y2XW4C43B7;
				GENERATE_INFOPLIST_FILE = YES;
				INFOPLIST_FILE = StatTrack/Info.plist;
				INFOPLIST_KEY_NSCameraUsageDescription = "This app requires the camera to record a game's stats";
				INFOPLIST_KEY_UIApplicationSupportsIndirectInputEvents = YES;
				INFOPLIST_KEY_UILaunchStoryboardName = LaunchScreen;
				INFOPLIST_KEY_UIMainStoryboardFile = Main;
				INFOPLIST_KEY_UISupportedInterfaceOrientations = "UIInterfaceOrientationLandscapeLeft UIInterfaceOrientationLandscapeRight";
				INFOPLIST_KEY_UISupportedInterfaceOrientations_iPad = "UIInterfaceOrientationLandscapeLeft UIInterfaceOrientationLandscapeRight UIInterfaceOrientationPortrait UIInterfaceOrientationPortraitUpsideDown";
				IPHONEOS_DEPLOYMENT_TARGET = 15.3;
				LD_RUNPATH_SEARCH_PATHS = (
					"$(inherited)",
					"@executable_path/Frameworks",
				);
				MARKETING_VERSION = 1.0;
				PRODUCT_BUNDLE_IDENTIFIER = edu.umich.ngduy.StatTrack;
				PRODUCT_NAME = "$(TARGET_NAME)";
				SWIFT_EMIT_LOC_STRINGS = YES;
				SWIFT_VERSION = 5.0;
				TARGETED_DEVICE_FAMILY = "1,2";
			};
			name = Debug;
		};
		F7D73F8A2911F41E0069FCB4 /* Release */ = {
			isa = XCBuildConfiguration;
			baseConfigurationReference = C92700D246543D145580D11F /* Pods-StatTrack.release.xcconfig */;
			buildSettings = {
				ASSETCATALOG_COMPILER_APPICON_NAME = AppIcon;
				ASSETCATALOG_COMPILER_GLOBAL_ACCENT_COLOR_NAME = AccentColor;
				ASSETCATALOG_COMPILER_INCLUDE_ALL_APPICON_ASSETS = YES;
				CODE_SIGN_STYLE = Automatic;
				CURRENT_PROJECT_VERSION = 1;
				DEVELOPMENT_TEAM = 62FQJJUSZJ;
				GENERATE_INFOPLIST_FILE = YES;
				INFOPLIST_FILE = StatTrack/Info.plist;
				INFOPLIST_KEY_NSCameraUsageDescription = "This app requires the camera to record a game's stats";
				INFOPLIST_KEY_UIApplicationSupportsIndirectInputEvents = YES;
				INFOPLIST_KEY_UILaunchStoryboardName = LaunchScreen;
				INFOPLIST_KEY_UIMainStoryboardFile = Main;
				INFOPLIST_KEY_UISupportedInterfaceOrientations = "UIInterfaceOrientationLandscapeLeft UIInterfaceOrientationLandscapeRight";
				INFOPLIST_KEY_UISupportedInterfaceOrientations_iPad = "UIInterfaceOrientationLandscapeLeft UIInterfaceOrientationLandscapeRight UIInterfaceOrientationPortrait UIInterfaceOrientationPortraitUpsideDown";
				IPHONEOS_DEPLOYMENT_TARGET = 15.3;
				LD_RUNPATH_SEARCH_PATHS = (
					"$(inherited)",
					"@executable_path/Frameworks",
				);
				MARKETING_VERSION = 1.0;
				PRODUCT_BUNDLE_IDENTIFIER = edu.umich.jgvelez.StatTrack;
				PRODUCT_NAME = "$(TARGET_NAME)";
				SWIFT_EMIT_LOC_STRINGS = YES;
				SWIFT_VERSION = 5.0;
				TARGETED_DEVICE_FAMILY = "1,2";
			};
			name = Release;
		};
/* End XCBuildConfiguration section */

/* Begin XCConfigurationList section */
		F7D73F6F2911F4180069FCB4 /* Build configuration list for PBXProject "StatTrack" */ = {
			isa = XCConfigurationList;
			buildConfigurations = (
				F7D73F862911F41E0069FCB4 /* Debug */,
				F7D73F872911F41E0069FCB4 /* Release */,
			);
			defaultConfigurationIsVisible = 0;
			defaultConfigurationName = Release;
		};
		F7D73F882911F41E0069FCB4 /* Build configuration list for PBXNativeTarget "StatTrack" */ = {
			isa = XCConfigurationList;
			buildConfigurations = (
				F7D73F892911F41E0069FCB4 /* Debug */,
				F7D73F8A2911F41E0069FCB4 /* Release */,
			);
			defaultConfigurationIsVisible = 0;
			defaultConfigurationName = Release;
		};
/* End XCConfigurationList section */

/* Begin XCRemoteSwiftPackageReference section */
		F7C2CA3729353B460080084B /* XCRemoteSwiftPackageReference "ColorKit" */ = {
			isa = XCRemoteSwiftPackageReference;
			repositoryURL = "https://github.com/Boris-Em/ColorKit.git";
			requirement = {
				branch = master;
				kind = branch;
			};
		};
/* End XCRemoteSwiftPackageReference section */

/* Begin XCSwiftPackageProductDependency section */
		F7C2CA3829353B460080084B /* ColorKit */ = {
			isa = XCSwiftPackageProductDependency;
			package = F7C2CA3729353B460080084B /* XCRemoteSwiftPackageReference "ColorKit" */;
			productName = ColorKit;
		};
/* End XCSwiftPackageProductDependency section */
	};
	rootObject = F7D73F6C2911F4180069FCB4 /* Project object */;
}
